{
  "version": 4,
  "terraform_version": "0.12.17",
  "serial": 18,
  "lineage": "1c174c0a-fe1e-4c0a-4691-de1755ddd5fd",
  "outputs": {},
  "resources": [
    {
      "mode": "managed",
      "type": "kubernetes_ingress",
      "name": "example-ingress",
      "provider": "provider.kubernetes",
      "instances": [
        {
          "schema_version": 0,
          "attributes": {
            "id": "default/example-ingress",
            "load_balancer_ingress": [],
            "metadata": [
              {
                "annotations": null,
                "generate_name": "",
                "generation": 1,
                "labels": null,
                "name": "example-ingress",
                "namespace": "default",
                "resource_version": "1300",
                "self_link": "/apis/extensions/v1beta1/namespaces/default/ingresses/example-ingress",
                "uid": "ca1e8d74-1670-4231-9df1-5759cd06cafa"
              }
            ],
            "spec": [
              {
                "backend": [
                  {
                    "service_name": "grafana",
                    "service_port": "3000"
                  }
                ],
                "rule": [
                  {
                    "host": "",
                    "http": [
                      {
                        "path": [
                          {
                            "backend": [
                              {
                                "service_name": "grafana",
                                "service_port": "3000"
                              }
                            ],
                            "path": "/grafana"
                          }
                        ]
                      }
                    ]
                  }
                ],
                "tls": []
              }
            ]
          },
          "private": "bnVsbA=="
        }
      ]
    },
    {
      "module": "module.monitoring",
      "mode": "managed",
      "type": "kubernetes_service",
      "name": "grafana",
      "provider": "provider.kubernetes",
      "instances": [
        {
          "schema_version": 0,
          "attributes": {
            "id": "default/grafana",
            "load_balancer_ingress": [],
            "metadata": [
              {
                "annotations": null,
                "generate_name": "",
                "generation": 0,
                "labels": null,
                "name": "grafana",
                "namespace": "default",
                "resource_version": "1301",
                "self_link": "/api/v1/namespaces/default/services/grafana",
                "uid": "2c96add5-4b4b-429f-b659-ba32ffae7203"
              }
            ],
            "spec": [
              {
                "cluster_ip": "10.96.212.152",
                "external_ips": null,
                "external_name": "",
                "external_traffic_policy": "",
                "load_balancer_ip": "",
                "load_balancer_source_ranges": null,
                "port": [
                  {
                    "name": "admin",
                    "node_port": 0,
                    "port": 3000,
                    "protocol": "TCP",
                    "target_port": "3000"
                  }
                ],
                "publish_not_ready_addresses": false,
                "selector": {
                  "app": "grafana"
                },
                "session_affinity": "None",
                "type": "ClusterIP"
              }
            ],
            "timeouts": null
          },
          "private": "eyJlMmJmYjczMC1lY2FhLTExZTYtOGY4OC0zNDM2M2JjN2M0YzAiOnsiY3JlYXRlIjo2MDAwMDAwMDAwMDB9fQ=="
        }
      ]
    },
    {
      "module": "module.monitoring",
      "mode": "managed",
      "type": "kubernetes_service",
      "name": "graphitestatsd",
      "provider": "provider.kubernetes",
      "instances": [
        {
          "schema_version": 0,
          "attributes": {
            "id": "default/graphitestatsd",
            "load_balancer_ingress": [],
            "metadata": [
              {
                "annotations": null,
                "generate_name": "",
                "generation": 0,
                "labels": null,
                "name": "graphitestatsd",
                "namespace": "default",
                "resource_version": "1304",
                "self_link": "/api/v1/namespaces/default/services/graphitestatsd",
                "uid": "4ad11fd8-facb-444a-9902-4dc476254dd8"
              }
            ],
            "spec": [
              {
                "cluster_ip": "10.110.53.180",
                "external_ips": null,
                "external_name": "",
                "external_traffic_policy": "",
                "load_balancer_ip": "",
                "load_balancer_source_ranges": null,
                "port": [
                  {
                    "name": "graphite",
                    "node_port": 0,
                    "port": 8081,
                    "protocol": "TCP",
                    "target_port": "8081"
                  },
                  {
                    "name": "statsd",
                    "node_port": 0,
                    "port": 8125,
                    "protocol": "UDP",
                    "target_port": "8125"
                  }
                ],
                "publish_not_ready_addresses": false,
                "selector": {
                  "app": "graphitestatsd"
                },
                "session_affinity": "None",
                "type": "ClusterIP"
              }
            ],
            "timeouts": null
          },
          "private": "eyJlMmJmYjczMC1lY2FhLTExZTYtOGY4OC0zNDM2M2JjN2M0YzAiOnsiY3JlYXRlIjo2MDAwMDAwMDAwMDB9fQ=="
        }
      ]
    }
  ]
}
